# This file is generated by running "yarn install" inside your project.
# Manual changes might be lost - proceed with caution!

__metadata:
  version: 6
  cacheKey: 8

"jquery@npm:x.*":
  version: 3.6.0
  resolution: "jquery@npm:3.6.0"
  checksum: 8fd5fef4aa48fd374ec716dd1c1df1af407814a228e15c1260ca140de3a697c2a77c30c54ff1d238b6a3ab4ddc445ddeef9adce6c6d28e4869d85eb9d3951c0e
  languageName: node
  linkType: hard

"semantic-ui-less@workspace:.":
  version: 0.0.0-use.local
  resolution: "semantic-ui-less@workspace:."
  dependencies:
    jquery: x.*
  languageName: unknown
  linkType: soft
